
Microsoft Visual Studio Solution File, Format Version 12.00
Project("{FAE04EC0-301F-11D3-BF4B-00C04F79EFBC}") = "AuthorizationServer", "AuthorizationServer\AuthorizationServer.csproj", "{093A79BA-4F24-4ED3-A7A0-74AD566D68DD}"
EndProject
Project("{FAE04EC0-301F-11D3-BF4B-00C04F79EFBC}") = "ResourceServer", "ResourceServer\ResourceServer.csproj", "{F14E00FA-A3BE-4FFE-B02C-EFE3CC936D0F}"
EndProject
Project("{FAE04EC0-301F-11D3-BF4B-00C04F79EFBC}") = "mjmauth.core", "mjmauth.core\mjmauth.core.csproj", "{5FA63A5A-00B1-4B67-AE95-BA0D282891E3}"
EndProject
Project("{FAE04EC0-301F-11D3-BF4B-00C04F79EFBC}") = "WebXample", "WebXample\WebXample.csproj", "{1B6BF608-CBAB-41E4-B262-2AC2ED5F2F51}"
EndProject
Global
	GlobalSection(SolutionConfigurationPlatforms) = preSolution
		Debug|Any CPU = Debug|Any CPU
		Release|Any CPU = Release|Any CPU
	EndGlobalSection
	GlobalSection(ProjectConfigurationPlatforms) = postSolution
		{093A79BA-4F24-4ED3-A7A0-74AD566D68DD}.Debug|Any CPU.ActiveCfg = Debug|Any CPU
		{093A79BA-4F24-4ED3-A7A0-74AD566D68DD}.Debug|Any CPU.Build.0 = Debug|Any CPU
		{093A79BA-4F24-4ED3-A7A0-74AD566D68DD}.Release|Any CPU.ActiveCfg = Release|Any CPU
		{093A79BA-4F24-4ED3-A7A0-74AD566D68DD}.Release|Any CPU.Build.0 = Release|Any CPU
		{F14E00FA-A3BE-4FFE-B02C-EFE3CC936D0F}.Debug|Any CPU.ActiveCfg = Debug|Any CPU
		{F14E00FA-A3BE-4FFE-B02C-EFE3CC936D0F}.Debug|Any CPU.Build.0 = Debug|Any CPU
		{F14E00FA-A3BE-4FFE-B02C-EFE3CC936D0F}.Release|Any CPU.ActiveCfg = Release|Any CPU
		{F14E00FA-A3BE-4FFE-B02C-EFE3CC936D0F}.Release|Any CPU.Build.0 = Release|Any CPU
		{5FA63A5A-00B1-4B67-AE95-BA0D282891E3}.Debug|Any CPU.ActiveCfg = Debug|Any CPU
		{5FA63A5A-00B1-4B67-AE95-BA0D282891E3}.Debug|Any CPU.Build.0 = Debug|Any CPU
		{5FA63A5A-00B1-4B67-AE95-BA0D282891E3}.Release|Any CPU.ActiveCfg = Release|Any CPU
		{5FA63A5A-00B1-4B67-AE95-BA0D282891E3}.Release|Any CPU.Build.0 = Release|Any CPU
		{1B6BF608-CBAB-41E4-B262-2AC2ED5F2F51}.Debug|Any CPU.ActiveCfg = Debug|Any CPU
		{1B6BF608-CBAB-41E4-B262-2AC2ED5F2F51}.Debug|Any CPU.Build.0 = Debug|Any CPU
		{1B6BF608-CBAB-41E4-B262-2AC2ED5F2F51}.Release|Any CPU.ActiveCfg = Release|Any CPU
		{1B6BF608-CBAB-41E4-B262-2AC2ED5F2F51}.Release|Any CPU.Build.0 = Release|Any CPU
	EndGlobalSection
EndGlobal
