
Microsoft Visual Studio Solution File, Format Version 12.00
Project("{FAE04EC0-301F-11D3-BF4B-00C04F79EFBC}") = "AuthorizationServer", "AuthorizationServer\AuthorizationServer.csproj", "{093A79BA-4F24-4ED3-A7A0-74AD566D68DD}"
EndProject
Global
	GlobalSection(SolutionConfigurationPlatforms) = preSolution
		Debug|Any CPU = Debug|Any CPU
		Release|Any CPU = Release|Any CPU
	EndGlobalSection
	GlobalSection(ProjectConfigurationPlatforms) = postSolution
		{093A79BA-4F24-4ED3-A7A0-74AD566D68DD}.Debug|Any CPU.ActiveCfg = Debug|Any CPU
		{093A79BA-4F24-4ED3-A7A0-74AD566D68DD}.Debug|Any CPU.Build.0 = Debug|Any CPU
		{093A79BA-4F24-4ED3-A7A0-74AD566D68DD}.Release|Any CPU.ActiveCfg = Release|Any CPU
		{093A79BA-4F24-4ED3-A7A0-74AD566D68DD}.Release|Any CPU.Build.0 = Release|Any CPU
	EndGlobalSection
EndGlobal
